
Microsoft Visual Studio Solution File, Format Version 12.00
# Visual Studio Version 16
VisualStudioVersion = 16.0.30907.101
MinimumVisualStudioVersion = 10.0.40219.1
Project("{9A19103F-16F7-4668-BE54-9A1E7A4F7556}") = "assessmentTwoProject_VV", "assessmentTwoProject_VV\assessmentTwoProject_VV.csproj", "{78E9714B-B6D9-4FE3-B7FF-4CCF59094A2C}"
EndProject
Global
	GlobalSection(SolutionConfigurationPlatforms) = preSolution
		Debug|Any CPU = Debug|Any CPU
		Release|Any CPU = Release|Any CPU
	EndGlobalSection
	GlobalSection(ProjectConfigurationPlatforms) = postSolution
		{78E9714B-B6D9-4FE3-B7FF-4CCF59094A2C}.Debug|Any CPU.ActiveCfg = Debug|Any CPU
		{78E9714B-B6D9-4FE3-B7FF-4CCF59094A2C}.Debug|Any CPU.Build.0 = Debug|Any CPU
		{78E9714B-B6D9-4FE3-B7FF-4CCF59094A2C}.Release|Any CPU.ActiveCfg = Release|Any CPU
		{78E9714B-B6D9-4FE3-B7FF-4CCF59094A2C}.Release|Any CPU.Build.0 = Release|Any CPU
	EndGlobalSection
	GlobalSection(SolutionProperties) = preSolution
		HideSolutionNode = FALSE
	EndGlobalSection
	GlobalSection(ExtensibilityGlobals) = postSolution
		SolutionGuid = {D815F0D1-EBA5-4640-A8D6-AC6025F1C3A8}
	EndGlobalSection
EndGlobal
